// !$*UTF8*$!
{
	archiveVersion = 1;
	classes = {
	};
	objectVersion = 50;
	objects = {

/* Begin PBXBuildFile section */
		8F3E130E2108F85100AA0126 /* BedtimeReminderOptionsViewController.swift in Sources */ = {isa = PBXBuildFile; fileRef = 8F3E130D2108F85100AA0126 /* BedtimeReminderOptionsViewController.swift */; };
		8F3E13102108F86B00AA0126 /* BedtimeReminderOptionsTableViewCell.swift in Sources */ = {isa = PBXBuildFile; fileRef = 8F3E130F2108F86B00AA0126 /* BedtimeReminderOptionsTableViewCell.swift */; };
		8F7567BC2108FCF500581DEB /* BedtimeReminderOptions.storyboard in Resources */ = {isa = PBXBuildFile; fileRef = 8F7567BB2108FCF500581DEB /* BedtimeReminderOptions.storyboard */; };
		8F7567BE210914DE00581DEB /* SettingsTableViewController.swift in Sources */ = {isa = PBXBuildFile; fileRef = 8F7567BD210914DE00581DEB /* SettingsTableViewController.swift */; };
		8F8DFBEA2109275F00EFA5E9 /* SleepTonight.xcdatamodeld in Sources */ = {isa = PBXBuildFile; fileRef = 8F8DFBE82109275F00EFA5E9 /* SleepTonight.xcdatamodeld */; };
		8FADCA842106427E0002C028 /* AppDelegate.swift in Sources */ = {isa = PBXBuildFile; fileRef = 8FADCA832106427E0002C028 /* AppDelegate.swift */; };
		8FADCA892106427E0002C028 /* Main.storyboard in Resources */ = {isa = PBXBuildFile; fileRef = 8FADCA872106427E0002C028 /* Main.storyboard */; };
		8FADCA8E2106427F0002C028 /* Assets.xcassets in Resources */ = {isa = PBXBuildFile; fileRef = 8FADCA8D2106427F0002C028 /* Assets.xcassets */; };
		8FADCA912106427F0002C028 /* LaunchScreen.storyboard in Resources */ = {isa = PBXBuildFile; fileRef = 8FADCA8F2106427F0002C028 /* LaunchScreen.storyboard */; };
		8FADCA9D21067B440002C028 /* Settings.storyboard in Resources */ = {isa = PBXBuildFile; fileRef = 8FADCA9C21067B440002C028 /* Settings.storyboard */; };
		8FADCA9F21067C340002C028 /* MainViewController.swift in Sources */ = {isa = PBXBuildFile; fileRef = 8FADCA9E21067C340002C028 /* MainViewController.swift */; };
		8FADCAA4210790D30002C028 /* CoreDataHelper.swift in Sources */ = {isa = PBXBuildFile; fileRef = 8FADCAA3210790D30002C028 /* CoreDataHelper.swift */; };
		8FB83681210797FE00D2184D /* Date+convertToString.swift in Sources */ = {isa = PBXBuildFile; fileRef = 8FB83680210797FE00D2184D /* Date+convertToString.swift */; };
		8FE588D9210AB9AA000F708D /* TimeInterval+convertToMinutes.swift in Sources */ = {isa = PBXBuildFile; fileRef = 8FE588D8210AB9AA000F708D /* TimeInterval+convertToMinutes.swift */; };
/* End PBXBuildFile section */

/* Begin PBXFileReference section */
		8F3E130D2108F85100AA0126 /* BedtimeReminderOptionsViewController.swift */ = {isa = PBXFileReference; lastKnownFileType = sourcecode.swift; path = BedtimeReminderOptionsViewController.swift; sourceTree = "<group>"; };
		8F3E130F2108F86B00AA0126 /* BedtimeReminderOptionsTableViewCell.swift */ = {isa = PBXFileReference; lastKnownFileType = sourcecode.swift; path = BedtimeReminderOptionsTableViewCell.swift; sourceTree = "<group>"; };
		8F7567BB2108FCF500581DEB /* BedtimeReminderOptions.storyboard */ = {isa = PBXFileReference; fileEncoding = 4; lastKnownFileType = file.storyboard; path = BedtimeReminderOptions.storyboard; sourceTree = "<group>"; };
		8F7567BD210914DE00581DEB /* SettingsTableViewController.swift */ = {isa = PBXFileReference; lastKnownFileType = sourcecode.swift; path = SettingsTableViewController.swift; sourceTree = "<group>"; };
		8F8DFBE92109275F00EFA5E9 /* SleepTonight.xcdatamodel */ = {isa = PBXFileReference; lastKnownFileType = wrapper.xcdatamodel; path = SleepTonight.xcdatamodel; sourceTree = "<group>"; };
		8FADCA802106427E0002C028 /* SleepTonight.app */ = {isa = PBXFileReference; explicitFileType = wrapper.application; includeInIndex = 0; path = SleepTonight.app; sourceTree = BUILT_PRODUCTS_DIR; };
		8FADCA832106427E0002C028 /* AppDelegate.swift */ = {isa = PBXFileReference; lastKnownFileType = sourcecode.swift; path = AppDelegate.swift; sourceTree = "<group>"; };
		8FADCA882106427E0002C028 /* Base */ = {isa = PBXFileReference; lastKnownFileType = file.storyboard; name = Base; path = Base.lproj/Main.storyboard; sourceTree = "<group>"; };
		8FADCA8D2106427F0002C028 /* Assets.xcassets */ = {isa = PBXFileReference; lastKnownFileType = folder.assetcatalog; path = Assets.xcassets; sourceTree = "<group>"; };
		8FADCA902106427F0002C028 /* Base */ = {isa = PBXFileReference; lastKnownFileType = file.storyboard; name = Base; path = Base.lproj/LaunchScreen.storyboard; sourceTree = "<group>"; };
		8FADCA922106427F0002C028 /* Info.plist */ = {isa = PBXFileReference; lastKnownFileType = text.plist.xml; path = Info.plist; sourceTree = "<group>"; };
		8FADCA9C21067B440002C028 /* Settings.storyboard */ = {isa = PBXFileReference; fileEncoding = 4; lastKnownFileType = file.storyboard; path = Settings.storyboard; sourceTree = "<group>"; };
		8FADCA9E21067C340002C028 /* MainViewController.swift */ = {isa = PBXFileReference; lastKnownFileType = sourcecode.swift; path = MainViewController.swift; sourceTree = "<group>"; };
		8FADCAA3210790D30002C028 /* CoreDataHelper.swift */ = {isa = PBXFileReference; lastKnownFileType = sourcecode.swift; path = CoreDataHelper.swift; sourceTree = "<group>"; };
		8FB83680210797FE00D2184D /* Date+convertToString.swift */ = {isa = PBXFileReference; lastKnownFileType = sourcecode.swift; path = "Date+convertToString.swift"; sourceTree = "<group>"; };
		8FE588D8210AB9AA000F708D /* TimeInterval+convertToMinutes.swift */ = {isa = PBXFileReference; lastKnownFileType = sourcecode.swift; path = "TimeInterval+convertToMinutes.swift"; sourceTree = "<group>"; };
/* End PBXFileReference section */

/* Begin PBXFrameworksBuildPhase section */
		8FADCA7D2106427E0002C028 /* Frameworks */ = {
			isa = PBXFrameworksBuildPhase;
			buildActionMask = 2147483647;
			files = (
			);
			runOnlyForDeploymentPostprocessing = 0;
		};
/* End PBXFrameworksBuildPhase section */

/* Begin PBXGroup section */
		8FADCA772106427E0002C028 = {
			isa = PBXGroup;
			children = (
				8FADCA822106427E0002C028 /* SleepTonight */,
				8FADCA812106427E0002C028 /* Products */,
			);
			sourceTree = "<group>";
		};
		8FADCA812106427E0002C028 /* Products */ = {
			isa = PBXGroup;
			children = (
				8FADCA802106427E0002C028 /* SleepTonight.app */,
			);
			name = Products;
			sourceTree = "<group>";
		};
		8FADCA822106427E0002C028 /* SleepTonight */ = {
			isa = PBXGroup;
			children = (
				8FB8367F210797EE00D2184D /* Extensions */,
				8FADCAA5210795C10002C028 /* Views */,
				8FADCAA2210790C30002C028 /* Helpers */,
				8FADCA9B21067B190002C028 /* Storyboards */,
				8FADCA9A21067B010002C028 /* Controllers */,
				8FADCA832106427E0002C028 /* AppDelegate.swift */,
				8FADCA8D2106427F0002C028 /* Assets.xcassets */,
				8FADCA8F2106427F0002C028 /* LaunchScreen.storyboard */,
				8FADCA922106427F0002C028 /* Info.plist */,
				8F8DFBE82109275F00EFA5E9 /* SleepTonight.xcdatamodeld */,
			);
			path = SleepTonight;
			sourceTree = "<group>";
		};
		8FADCA9A21067B010002C028 /* Controllers */ = {
			isa = PBXGroup;
			children = (
				8FADCA9E21067C340002C028 /* MainViewController.swift */,
				8F3E130D2108F85100AA0126 /* BedtimeReminderOptionsViewController.swift */,
				8F7567BD210914DE00581DEB /* SettingsTableViewController.swift */,
			);
			path = Controllers;
			sourceTree = "<group>";
		};
		8FADCA9B21067B190002C028 /* Storyboards */ = {
			isa = PBXGroup;
			children = (
				8FADCA9C21067B440002C028 /* Settings.storyboard */,
				8F7567BB2108FCF500581DEB /* BedtimeReminderOptions.storyboard */,
				8FADCA872106427E0002C028 /* Main.storyboard */,
			);
			path = Storyboards;
			sourceTree = "<group>";
		};
		8FADCAA2210790C30002C028 /* Helpers */ = {
			isa = PBXGroup;
			children = (
				8FADCAA3210790D30002C028 /* CoreDataHelper.swift */,
			);
			path = Helpers;
			sourceTree = "<group>";
		};
		8FADCAA5210795C10002C028 /* Views */ = {
			isa = PBXGroup;
			children = (
				8F3E130F2108F86B00AA0126 /* BedtimeReminderOptionsTableViewCell.swift */,
			);
			path = Views;
			sourceTree = "<group>";
		};
		8FB8367F210797EE00D2184D /* Extensions */ = {
			isa = PBXGroup;
			children = (
				8FB83680210797FE00D2184D /* Date+convertToString.swift */,
				8FE588D8210AB9AA000F708D /* TimeInterval+convertToMinutes.swift */,
			);
			path = Extensions;
			sourceTree = "<group>";
		};
/* End PBXGroup section */

/* Begin PBXNativeTarget section */
		8FADCA7F2106427E0002C028 /* SleepTonight */ = {
			isa = PBXNativeTarget;
			buildConfigurationList = 8FADCA952106427F0002C028 /* Build configuration list for PBXNativeTarget "SleepTonight" */;
			buildPhases = (
				8FADCA7C2106427E0002C028 /* Sources */,
				8FADCA7D2106427E0002C028 /* Frameworks */,
				8FADCA7E2106427E0002C028 /* Resources */,
			);
			buildRules = (
			);
			dependencies = (
			);
			name = SleepTonight;
			productName = SleepTonight;
			productReference = 8FADCA802106427E0002C028 /* SleepTonight.app */;
			productType = "com.apple.product-type.application";
		};
/* End PBXNativeTarget section */

/* Begin PBXProject section */
		8FADCA782106427E0002C028 /* Project object */ = {
			isa = PBXProject;
			attributes = {
				LastSwiftUpdateCheck = 0940;
				LastUpgradeCheck = 0940;
				TargetAttributes = {
					8FADCA7F2106427E0002C028 = {
						CreatedOnToolsVersion = 9.4.1;
					};
				};
			};
			buildConfigurationList = 8FADCA7B2106427E0002C028 /* Build configuration list for PBXProject "SleepTonight" */;
			compatibilityVersion = "Xcode 9.3";
			developmentRegion = en;
			hasScannedForEncodings = 0;
			knownRegions = (
				en,
				Base,
			);
			mainGroup = 8FADCA772106427E0002C028;
			productRefGroup = 8FADCA812106427E0002C028 /* Products */;
			projectDirPath = "";
			projectRoot = "";
			targets = (
				8FADCA7F2106427E0002C028 /* SleepTonight */,
			);
		};
/* End PBXProject section */

/* Begin PBXResourcesBuildPhase section */
		8FADCA7E2106427E0002C028 /* Resources */ = {
			isa = PBXResourcesBuildPhase;
			buildActionMask = 2147483647;
			files = (
				8FADCA912106427F0002C028 /* LaunchScreen.storyboard in Resources */,
				8FADCA8E2106427F0002C028 /* Assets.xcassets in Resources */,
				8FADCA892106427E0002C028 /* Main.storyboard in Resources */,
				8FADCA9D21067B440002C028 /* Settings.storyboard in Resources */,
				8F7567BC2108FCF500581DEB /* BedtimeReminderOptions.storyboard in Resources */,
			);
			runOnlyForDeploymentPostprocessing = 0;
		};
/* End PBXResourcesBuildPhase section */

/* Begin PBXSourcesBuildPhase section */
		8FADCA7C2106427E0002C028 /* Sources */ = {
			isa = PBXSourcesBuildPhase;
			buildActionMask = 2147483647;
			files = (
				8FE588D9210AB9AA000F708D /* TimeInterval+convertToMinutes.swift in Sources */,
				8FADCAA4210790D30002C028 /* CoreDataHelper.swift in Sources */,
				8FB83681210797FE00D2184D /* Date+convertToString.swift in Sources */,
				8F8DFBEA2109275F00EFA5E9 /* SleepTonight.xcdatamodeld in Sources */,
				8F3E130E2108F85100AA0126 /* BedtimeReminderOptionsViewController.swift in Sources */,
				8F3E13102108F86B00AA0126 /* BedtimeReminderOptionsTableViewCell.swift in Sources */,
				8FADCA9F21067C340002C028 /* MainViewController.swift in Sources */,
				8F7567BE210914DE00581DEB /* SettingsTableViewController.swift in Sources */,
				8FADCA842106427E0002C028 /* AppDelegate.swift in Sources */,
			);
			runOnlyForDeploymentPostprocessing = 0;
		};
/* End PBXSourcesBuildPhase section */

/* Begin PBXVariantGroup section */
		8FADCA872106427E0002C028 /* Main.storyboard */ = {
			isa = PBXVariantGroup;
			children = (
				8FADCA882106427E0002C028 /* Base */,
			);
			name = Main.storyboard;
			sourceTree = "<group>";
		};
		8FADCA8F2106427F0002C028 /* LaunchScreen.storyboard */ = {
			isa = PBXVariantGroup;
			children = (
				8FADCA902106427F0002C028 /* Base */,
			);
			name = LaunchScreen.storyboard;
			sourceTree = "<group>";
		};
/* End PBXVariantGroup section */

/* Begin XCBuildConfiguration section */
		8FADCA932106427F0002C028 /* Debug */ = {
			isa = XCBuildConfiguration;
			buildSettings = {
				ALWAYS_SEARCH_USER_PATHS = NO;
				CLANG_ANALYZER_NONNULL = YES;
				CLANG_ANALYZER_NUMBER_OBJECT_CONVERSION = YES_AGGRESSIVE;
				CLANG_CXX_LANGUAGE_STANDARD = "gnu++14";
				CLANG_CXX_LIBRARY = "libc++";
				CLANG_ENABLE_MODULES = YES;
				CLANG_ENABLE_OBJC_ARC = YES;
				CLANG_ENABLE_OBJC_WEAK = YES;
				CLANG_WARN_BLOCK_CAPTURE_AUTORELEASING = YES;
				CLANG_WARN_BOOL_CONVERSION = YES;
				CLANG_WARN_COMMA = YES;
				CLANG_WARN_CONSTANT_CONVERSION = YES;
				CLANG_WARN_DEPRECATED_OBJC_IMPLEMENTATIONS = YES;
				CLANG_WARN_DIRECT_OBJC_ISA_USAGE = YES_ERROR;
				CLANG_WARN_DOCUMENTATION_COMMENTS = YES;
				CLANG_WARN_EMPTY_BODY = YES;
				CLANG_WARN_ENUM_CONVERSION = YES;
				CLANG_WARN_INFINITE_RECURSION = YES;
				CLANG_WARN_INT_CONVERSION = YES;
				CLANG_WARN_NON_LITERAL_NULL_CONVERSION = YES;
				CLANG_WARN_OBJC_IMPLICIT_RETAIN_SELF = YES;
				CLANG_WARN_OBJC_LITERAL_CONVERSION = YES;
				CLANG_WARN_OBJC_ROOT_CLASS = YES_ERROR;
				CLANG_WARN_RANGE_LOOP_ANALYSIS = YES;
				CLANG_WARN_STRICT_PROTOTYPES = YES;
				CLANG_WARN_SUSPICIOUS_MOVE = YES;
				CLANG_WARN_UNGUARDED_AVAILABILITY = YES_AGGRESSIVE;
				CLANG_WARN_UNREACHABLE_CODE = YES;
				CLANG_WARN__DUPLICATE_METHOD_MATCH = YES;
				CODE_SIGN_IDENTITY = "iPhone Developer";
				COPY_PHASE_STRIP = NO;
				DEBUG_INFORMATION_FORMAT = dwarf;
				ENABLE_STRICT_OBJC_MSGSEND = YES;
				ENABLE_TESTABILITY = YES;
				GCC_C_LANGUAGE_STANDARD = gnu11;
				GCC_DYNAMIC_NO_PIC = NO;
				GCC_NO_COMMON_BLOCKS = YES;
				GCC_OPTIMIZATION_LEVEL = 0;
				GCC_PREPROCESSOR_DEFINITIONS = (
					"DEBUG=1",
					"$(inherited)",
				);
				GCC_WARN_64_TO_32_BIT_CONVERSION = YES;
				GCC_WARN_ABOUT_RETURN_TYPE = YES_ERROR;
				GCC_WARN_UNDECLARED_SELECTOR = YES;
				GCC_WARN_UNINITIALIZED_AUTOS = YES_AGGRESSIVE;
				GCC_WARN_UNUSED_FUNCTION = YES;
				GCC_WARN_UNUSED_VARIABLE = YES;
				IPHONEOS_DEPLOYMENT_TARGET = 11.4;
				MTL_ENABLE_DEBUG_INFO = YES;
				ONLY_ACTIVE_ARCH = YES;
				SDKROOT = iphoneos;
				SWIFT_ACTIVE_COMPILATION_CONDITIONS = DEBUG;
				SWIFT_OPTIMIZATION_LEVEL = "-Onone";
			};
			name = Debug;
		};
		8FADCA942106427F0002C028 /* Release */ = {
			isa = XCBuildConfiguration;
			buildSettings = {
				ALWAYS_SEARCH_USER_PATHS = NO;
				CLANG_ANALYZER_NONNULL = YES;
				CLANG_ANALYZER_NUMBER_OBJECT_CONVERSION = YES_AGGRESSIVE;
				CLANG_CXX_LANGUAGE_STANDARD = "gnu++14";
				CLANG_CXX_LIBRARY = "libc++";
				CLANG_ENABLE_MODULES = YES;
				CLANG_ENABLE_OBJC_ARC = YES;
				CLANG_ENABLE_OBJC_WEAK = YES;
				CLANG_WARN_BLOCK_CAPTURE_AUTORELEASING = YES;
				CLANG_WARN_BOOL_CONVERSION = YES;
				CLANG_WARN_COMMA = YES;
				CLANG_WARN_CONSTANT_CONVERSION = YES;
				CLANG_WARN_DEPRECATED_OBJC_IMPLEMENTATIONS = YES;
				CLANG_WARN_DIRECT_OBJC_ISA_USAGE = YES_ERROR;
				CLANG_WARN_DOCUMENTATION_COMMENTS = YES;
				CLANG_WARN_EMPTY_BODY = YES;
				CLANG_WARN_ENUM_CONVERSION = YES;
				CLANG_WARN_INFINITE_RECURSION = YES;
				CLANG_WARN_INT_CONVERSION = YES;
				CLANG_WARN_NON_LITERAL_NULL_CONVERSION = YES;
				CLANG_WARN_OBJC_IMPLICIT_RETAIN_SELF = YES;
				CLANG_WARN_OBJC_LITERAL_CONVERSION = YES;
				CLANG_WARN_OBJC_ROOT_CLASS = YES_ERROR;
				CLANG_WARN_RANGE_LOOP_ANALYSIS = YES;
				CLANG_WARN_STRICT_PROTOTYPES = YES;
				CLANG_WARN_SUSPICIOUS_MOVE = YES;
				CLANG_WARN_UNGUARDED_AVAILABILITY = YES_AGGRESSIVE;
				CLANG_WARN_UNREACHABLE_CODE = YES;
				CLANG_WARN__DUPLICATE_METHOD_MATCH = YES;
				CODE_SIGN_IDENTITY = "iPhone Developer";
				COPY_PHASE_STRIP = NO;
				DEBUG_INFORMATION_FORMAT = "dwarf-with-dsym";
				ENABLE_NS_ASSERTIONS = NO;
				ENABLE_STRICT_OBJC_MSGSEND = YES;
				GCC_C_LANGUAGE_STANDARD = gnu11;
				GCC_NO_COMMON_BLOCKS = YES;
				GCC_WARN_64_TO_32_BIT_CONVERSION = YES;
				GCC_WARN_ABOUT_RETURN_TYPE = YES_ERROR;
				GCC_WARN_UNDECLARED_SELECTOR = YES;
				GCC_WARN_UNINITIALIZED_AUTOS = YES_AGGRESSIVE;
				GCC_WARN_UNUSED_FUNCTION = YES;
				GCC_WARN_UNUSED_VARIABLE = YES;
				IPHONEOS_DEPLOYMENT_TARGET = 11.4;
				MTL_ENABLE_DEBUG_INFO = NO;
				SDKROOT = iphoneos;
				SWIFT_COMPILATION_MODE = wholemodule;
				SWIFT_OPTIMIZATION_LEVEL = "-O";
				VALIDATE_PRODUCT = YES;
			};
			name = Release;
		};
		8FADCA962106427F0002C028 /* Debug */ = {
			isa = XCBuildConfiguration;
			buildSettings = {
				ASSETCATALOG_COMPILER_APPICON_NAME = AppIcon;
				CODE_SIGN_STYLE = Automatic;
				INFOPLIST_FILE = SleepTonight/Info.plist;
				LD_RUNPATH_SEARCH_PATHS = (
					"$(inherited)",
					"@executable_path/Frameworks",
				);
				PRODUCT_BUNDLE_IDENTIFIER = com.selenasui.SleepTonight;
				PRODUCT_NAME = "$(TARGET_NAME)";
				SWIFT_VERSION = 4.0;
				TARGETED_DEVICE_FAMILY = "1,2";
			};
			name = Debug;
		};
		8FADCA972106427F0002C028 /* Release */ = {
			isa = XCBuildConfiguration;
			buildSettings = {
				ASSETCATALOG_COMPILER_APPICON_NAME = AppIcon;
				CODE_SIGN_STYLE = Automatic;
				INFOPLIST_FILE = SleepTonight/Info.plist;
				LD_RUNPATH_SEARCH_PATHS = (
					"$(inherited)",
					"@executable_path/Frameworks",
				);
				PRODUCT_BUNDLE_IDENTIFIER = com.selenasui.SleepTonight;
				PRODUCT_NAME = "$(TARGET_NAME)";
				SWIFT_VERSION = 4.0;
				TARGETED_DEVICE_FAMILY = "1,2";
			};
			name = Release;
		};
/* End XCBuildConfiguration section */

/* Begin XCConfigurationList section */
		8FADCA7B2106427E0002C028 /* Build configuration list for PBXProject "SleepTonight" */ = {
			isa = XCConfigurationList;
			buildConfigurations = (
				8FADCA932106427F0002C028 /* Debug */,
				8FADCA942106427F0002C028 /* Release */,
			);
			defaultConfigurationIsVisible = 0;
			defaultConfigurationName = Release;
		};
		8FADCA952106427F0002C028 /* Build configuration list for PBXNativeTarget "SleepTonight" */ = {
			isa = XCConfigurationList;
			buildConfigurations = (
				8FADCA962106427F0002C028 /* Debug */,
				8FADCA972106427F0002C028 /* Release */,
			);
			defaultConfigurationIsVisible = 0;
			defaultConfigurationName = Release;
		};
/* End XCConfigurationList section */

/* Begin XCVersionGroup section */
		8F8DFBE82109275F00EFA5E9 /* SleepTonight.xcdatamodeld */ = {
			isa = XCVersionGroup;
			children = (
				8F8DFBE92109275F00EFA5E9 /* SleepTonight.xcdatamodel */,
			);
			currentVersion = 8F8DFBE92109275F00EFA5E9 /* SleepTonight.xcdatamodel */;
			path = SleepTonight.xcdatamodeld;
			sourceTree = "<group>";
			versionGroupType = wrapper.xcdatamodel;
		};
/* End XCVersionGroup section */
	};
	rootObject = 8FADCA782106427E0002C028 /* Project object */;
}
